
Microsoft Visual Studio Solution File, Format Version 12.00
# Visual Studio Version 16
VisualStudioVersion = 16.0.29905.134
MinimumVisualStudioVersion = 10.0.40219.1
Project("{FAE04EC0-301F-11D3-BF4B-00C04F79EFBC}") = "FastDownloaderAsync", "FastDownloaderAsync\FastDownloaderAsync.csproj", "{4896675F-A7ED-4A3E-96B0-395DAC3D2512}"
EndProject
Global
	GlobalSection(SolutionConfigurationPlatforms) = preSolution
		Debug|Any CPU = Debug|Any CPU
		Release|Any CPU = Release|Any CPU
	EndGlobalSection
	GlobalSection(ProjectConfigurationPlatforms) = postSolution
		{4896675F-A7ED-4A3E-96B0-395DAC3D2512}.Debug|Any CPU.ActiveCfg = Debug|Any CPU
		{4896675F-A7ED-4A3E-96B0-395DAC3D2512}.Debug|Any CPU.Build.0 = Debug|Any CPU
		{4896675F-A7ED-4A3E-96B0-395DAC3D2512}.Release|Any CPU.ActiveCfg = Release|Any CPU
		{4896675F-A7ED-4A3E-96B0-395DAC3D2512}.Release|Any CPU.Build.0 = Release|Any CPU
	EndGlobalSection
	GlobalSection(SolutionProperties) = preSolution
		HideSolutionNode = FALSE
	EndGlobalSection
	GlobalSection(ExtensibilityGlobals) = postSolution
		SolutionGuid = {A9AA243E-0731-4BE7-80A3-890C1BB98784}
	EndGlobalSection
EndGlobal
